
Microsoft Visual Studio Solution File, Format Version 12.00
# Visual Studio Version 16
VisualStudioVersion = 16.0.32228.343
MinimumVisualStudioVersion = 10.0.40219.1
Project("{FAE04EC0-301F-11D3-BF4B-00C04F79EFBC}") = "EXCEPCIONES_CSHARP", "EXCEPCIONES_CSHARP\EXCEPCIONES_CSHARP.csproj", "{B817E07A-EF34-4627-B46C-36683518987F}"
EndProject
Global
	GlobalSection(SolutionConfigurationPlatforms) = preSolution
		Debug|Any CPU = Debug|Any CPU
		Release|Any CPU = Release|Any CPU
	EndGlobalSection
	GlobalSection(ProjectConfigurationPlatforms) = postSolution
		{B817E07A-EF34-4627-B46C-36683518987F}.Debug|Any CPU.ActiveCfg = Debug|Any CPU
		{B817E07A-EF34-4627-B46C-36683518987F}.Debug|Any CPU.Build.0 = Debug|Any CPU
		{B817E07A-EF34-4627-B46C-36683518987F}.Release|Any CPU.ActiveCfg = Release|Any CPU
		{B817E07A-EF34-4627-B46C-36683518987F}.Release|Any CPU.Build.0 = Release|Any CPU
	EndGlobalSection
	GlobalSection(SolutionProperties) = preSolution
		HideSolutionNode = FALSE
	EndGlobalSection
	GlobalSection(ExtensibilityGlobals) = postSolution
		SolutionGuid = {0152361D-BC62-4CA8-833E-5DFAE222FA38}
	EndGlobalSection
EndGlobal
